{
  "name": "rxjs-stuff",
  "version": "1.0.0",
  "lockfileVersion": 1,
  "requires": true,
  "dependencies": {
    "rxjs": {
      "version": "6.5.4",
      "resolved": "http://artifactory.algotec.co.il:8080/artifactory/api/npm/npm-virtual/rxjs/-/rxjs-6.5.4.tgz",
      "integrity": "sha1-4Hd/4NGEzseHLfFH8wNXLUFOIRw=",
      "requires": {
        "tslib": "^1.9.0"
      }
    },
    "systemjs": {
      "version": "6.1.9",
      "resolved": "http://artifactory.algotec.co.il:8080/artifactory/api/npm/npm-virtual/systemjs/-/systemjs-6.1.9.tgz",
      "integrity": "sha1-F+VgGGep0e56XatxsFDziHfWmSw="
    },
    "tslib": {
      "version": "1.10.0",
      "resolved": "http://artifactory.algotec.co.il:8080/artifactory/api/npm/npm-virtual/tslib/-/tslib-1.10.0.tgz",
      "integrity": "sha1-w8GflZc/sKYpc/sJ2Q2WHuQ+XIo="
    },
    "typescript": {
      "version": "3.7.4",
      "resolved": "http://artifactory.algotec.co.il:8080/artifactory/api/npm/npm-virtual/typescript/-/typescript-3.7.4.tgz",
      "integrity": "sha1-F0Ol7F/vah+p8+RwjjPIHHOHbBk=",
      "dev": true
    }
  }
}
